// !$*UTF8*$!
{
	archiveVersion = 1;
	classes = {
	};
	objectVersion = 50;
	objects = {

/* Begin PBXBuildFile section */
		0F3F5925239F38C100C63F94 /* AppDelegate.swift in Sources */ = {isa = PBXBuildFile; fileRef = 0F3F5924239F38C100C63F94 /* AppDelegate.swift */; };
		0F3F5927239F38C100C63F94 /* SceneDelegate.swift in Sources */ = {isa = PBXBuildFile; fileRef = 0F3F5926239F38C100C63F94 /* SceneDelegate.swift */; };
		0F3F5929239F38C100C63F94 /* ViewController.swift in Sources */ = {isa = PBXBuildFile; fileRef = 0F3F5928239F38C100C63F94 /* ViewController.swift */; };
		0F3F592C239F38C100C63F94 /* Main.storyboard in Resources */ = {isa = PBXBuildFile; fileRef = 0F3F592A239F38C100C63F94 /* Main.storyboard */; };
		0F3F592E239F38C500C63F94 /* Assets.xcassets in Resources */ = {isa = PBXBuildFile; fileRef = 0F3F592D239F38C500C63F94 /* Assets.xcassets */; };
		0F3F5931239F38C500C63F94 /* LaunchScreen.storyboard in Resources */ = {isa = PBXBuildFile; fileRef = 0F3F592F239F38C500C63F94 /* LaunchScreen.storyboard */; };
		0F3F593C239F38C500C63F94 /* Images_LabTests.swift in Sources */ = {isa = PBXBuildFile; fileRef = 0F3F593B239F38C500C63F94 /* Images_LabTests.swift */; };
		0F5879EC23A038F900553FBE /* ComicModel.swift in Sources */ = {isa = PBXBuildFile; fileRef = 0F5879EB23A038F900553FBE /* ComicModel.swift */; };
		0F5879EE23A03AC700553FBE /* ComicAPIClint.swift in Sources */ = {isa = PBXBuildFile; fileRef = 0F5879ED23A03AC700553FBE /* ComicAPIClint.swift */; };
		0F5879F023A03C9B00553FBE /* NetworkHelper.swift in Sources */ = {isa = PBXBuildFile; fileRef = 0F5879EF23A03C9B00553FBE /* NetworkHelper.swift */; };
		0F5879F223A03E7600553FBE /* UIImageView+Extensions.swift in Sources */ = {isa = PBXBuildFile; fileRef = 0F5879F123A03E7600553FBE /* UIImageView+Extensions.swift */; };
/* End PBXBuildFile section */

/* Begin PBXContainerItemProxy section */
		0F3F5938239F38C500C63F94 /* PBXContainerItemProxy */ = {
			isa = PBXContainerItemProxy;
			containerPortal = 0F3F5919239F38C100C63F94 /* Project object */;
			proxyType = 1;
			remoteGlobalIDString = 0F3F5920239F38C100C63F94;
			remoteInfo = "Images-Lab";
		};
/* End PBXContainerItemProxy section */

/* Begin PBXFileReference section */
		0F3F5921239F38C100C63F94 /* Images-Lab.app */ = {isa = PBXFileReference; explicitFileType = wrapper.application; includeInIndex = 0; path = "Images-Lab.app"; sourceTree = BUILT_PRODUCTS_DIR; };
		0F3F5924239F38C100C63F94 /* AppDelegate.swift */ = {isa = PBXFileReference; lastKnownFileType = sourcecode.swift; path = AppDelegate.swift; sourceTree = "<group>"; };
		0F3F5926239F38C100C63F94 /* SceneDelegate.swift */ = {isa = PBXFileReference; lastKnownFileType = sourcecode.swift; path = SceneDelegate.swift; sourceTree = "<group>"; };
		0F3F5928239F38C100C63F94 /* ViewController.swift */ = {isa = PBXFileReference; lastKnownFileType = sourcecode.swift; path = ViewController.swift; sourceTree = "<group>"; };
		0F3F592B239F38C100C63F94 /* Base */ = {isa = PBXFileReference; lastKnownFileType = file.storyboard; name = Base; path = Base.lproj/Main.storyboard; sourceTree = "<group>"; };
		0F3F592D239F38C500C63F94 /* Assets.xcassets */ = {isa = PBXFileReference; lastKnownFileType = folder.assetcatalog; path = Assets.xcassets; sourceTree = "<group>"; };
		0F3F5930239F38C500C63F94 /* Base */ = {isa = PBXFileReference; lastKnownFileType = file.storyboard; name = Base; path = Base.lproj/LaunchScreen.storyboard; sourceTree = "<group>"; };
		0F3F5932239F38C500C63F94 /* Info.plist */ = {isa = PBXFileReference; lastKnownFileType = text.plist.xml; path = Info.plist; sourceTree = "<group>"; };
		0F3F5937239F38C500C63F94 /* Images-LabTests.xctest */ = {isa = PBXFileReference; explicitFileType = wrapper.cfbundle; includeInIndex = 0; path = "Images-LabTests.xctest"; sourceTree = BUILT_PRODUCTS_DIR; };
		0F3F593B239F38C500C63F94 /* Images_LabTests.swift */ = {isa = PBXFileReference; lastKnownFileType = sourcecode.swift; path = Images_LabTests.swift; sourceTree = "<group>"; };
		0F3F593D239F38C500C63F94 /* Info.plist */ = {isa = PBXFileReference; lastKnownFileType = text.plist.xml; path = Info.plist; sourceTree = "<group>"; };
		0F5879EB23A038F900553FBE /* ComicModel.swift */ = {isa = PBXFileReference; lastKnownFileType = sourcecode.swift; path = ComicModel.swift; sourceTree = "<group>"; };
		0F5879ED23A03AC700553FBE /* ComicAPIClint.swift */ = {isa = PBXFileReference; lastKnownFileType = sourcecode.swift; path = ComicAPIClint.swift; sourceTree = "<group>"; };
		0F5879EF23A03C9B00553FBE /* NetworkHelper.swift */ = {isa = PBXFileReference; lastKnownFileType = sourcecode.swift; path = NetworkHelper.swift; sourceTree = "<group>"; };
		0F5879F123A03E7600553FBE /* UIImageView+Extensions.swift */ = {isa = PBXFileReference; lastKnownFileType = sourcecode.swift; path = "UIImageView+Extensions.swift"; sourceTree = "<group>"; };
/* End PBXFileReference section */

/* Begin PBXFrameworksBuildPhase section */
		0F3F591E239F38C100C63F94 /* Frameworks */ = {
			isa = PBXFrameworksBuildPhase;
			buildActionMask = 2147483647;
			files = (
			);
			runOnlyForDeploymentPostprocessing = 0;
		};
		0F3F5934239F38C500C63F94 /* Frameworks */ = {
			isa = PBXFrameworksBuildPhase;
			buildActionMask = 2147483647;
			files = (
			);
			runOnlyForDeploymentPostprocessing = 0;
		};
/* End PBXFrameworksBuildPhase section */

/* Begin PBXGroup section */
		0F3F5918239F38C100C63F94 = {
			isa = PBXGroup;
			children = (
				0F3F5923239F38C100C63F94 /* Images-Lab */,
				0F3F593A239F38C500C63F94 /* Images-LabTests */,
				0F3F5922239F38C100C63F94 /* Products */,
			);
			sourceTree = "<group>";
		};
		0F3F5922239F38C100C63F94 /* Products */ = {
			isa = PBXGroup;
			children = (
				0F3F5921239F38C100C63F94 /* Images-Lab.app */,
				0F3F5937239F38C500C63F94 /* Images-LabTests.xctest */,
			);
			name = Products;
			sourceTree = "<group>";
		};
		0F3F5923239F38C100C63F94 /* Images-Lab */ = {
			isa = PBXGroup;
			children = (
				0F3F5924239F38C100C63F94 /* AppDelegate.swift */,
				0F3F5926239F38C100C63F94 /* SceneDelegate.swift */,
				0F3F5928239F38C100C63F94 /* ViewController.swift */,
				0F5879EB23A038F900553FBE /* ComicModel.swift */,
				0F5879ED23A03AC700553FBE /* ComicAPIClint.swift */,
				0F5879EF23A03C9B00553FBE /* NetworkHelper.swift */,
				0F5879F123A03E7600553FBE /* UIImageView+Extensions.swift */,
				0F3F592A239F38C100C63F94 /* Main.storyboard */,
				0F3F592D239F38C500C63F94 /* Assets.xcassets */,
				0F3F592F239F38C500C63F94 /* LaunchScreen.storyboard */,
				0F3F5932239F38C500C63F94 /* Info.plist */,
			);
			path = "Images-Lab";
			sourceTree = "<group>";
		};
		0F3F593A239F38C500C63F94 /* Images-LabTests */ = {
			isa = PBXGroup;
			children = (
				0F3F593B239F38C500C63F94 /* Images_LabTests.swift */,
				0F3F593D239F38C500C63F94 /* Info.plist */,
			);
			path = "Images-LabTests";
			sourceTree = "<group>";
		};
/* End PBXGroup section */

/* Begin PBXNativeTarget section */
		0F3F5920239F38C100C63F94 /* Images-Lab */ = {
			isa = PBXNativeTarget;
			buildConfigurationList = 0F3F5940239F38C500C63F94 /* Build configuration list for PBXNativeTarget "Images-Lab" */;
			buildPhases = (
				0F3F591D239F38C100C63F94 /* Sources */,
				0F3F591E239F38C100C63F94 /* Frameworks */,
				0F3F591F239F38C100C63F94 /* Resources */,
			);
			buildRules = (
			);
			dependencies = (
			);
			name = "Images-Lab";
			productName = "Images-Lab";
			productReference = 0F3F5921239F38C100C63F94 /* Images-Lab.app */;
			productType = "com.apple.product-type.application";
		};
		0F3F5936239F38C500C63F94 /* Images-LabTests */ = {
			isa = PBXNativeTarget;
			buildConfigurationList = 0F3F5943239F38C500C63F94 /* Build configuration list for PBXNativeTarget "Images-LabTests" */;
			buildPhases = (
				0F3F5933239F38C500C63F94 /* Sources */,
				0F3F5934239F38C500C63F94 /* Frameworks */,
				0F3F5935239F38C500C63F94 /* Resources */,
			);
			buildRules = (
			);
			dependencies = (
				0F3F5939239F38C500C63F94 /* PBXTargetDependency */,
			);
			name = "Images-LabTests";
			productName = "Images-LabTests";
			productReference = 0F3F5937239F38C500C63F94 /* Images-LabTests.xctest */;
			productType = "com.apple.product-type.bundle.unit-test";
		};
/* End PBXNativeTarget section */

/* Begin PBXProject section */
		0F3F5919239F38C100C63F94 /* Project object */ = {
			isa = PBXProject;
			attributes = {
				LastSwiftUpdateCheck = 1120;
				LastUpgradeCheck = 1120;
				ORGANIZATIONNAME = "Yuliia Engman";
				TargetAttributes = {
					0F3F5920239F38C100C63F94 = {
						CreatedOnToolsVersion = 11.2.1;
					};
					0F3F5936239F38C500C63F94 = {
						CreatedOnToolsVersion = 11.2.1;
						TestTargetID = 0F3F5920239F38C100C63F94;
					};
				};
			};
			buildConfigurationList = 0F3F591C239F38C100C63F94 /* Build configuration list for PBXProject "Images-Lab" */;
			compatibilityVersion = "Xcode 9.3";
			developmentRegion = en;
			hasScannedForEncodings = 0;
			knownRegions = (
				en,
				Base,
			);
			mainGroup = 0F3F5918239F38C100C63F94;
			productRefGroup = 0F3F5922239F38C100C63F94 /* Products */;
			projectDirPath = "";
			projectRoot = "";
			targets = (
				0F3F5920239F38C100C63F94 /* Images-Lab */,
				0F3F5936239F38C500C63F94 /* Images-LabTests */,
			);
		};
/* End PBXProject section */

/* Begin PBXResourcesBuildPhase section */
		0F3F591F239F38C100C63F94 /* Resources */ = {
			isa = PBXResourcesBuildPhase;
			buildActionMask = 2147483647;
			files = (
				0F3F5931239F38C500C63F94 /* LaunchScreen.storyboard in Resources */,
				0F3F592E239F38C500C63F94 /* Assets.xcassets in Resources */,
				0F3F592C239F38C100C63F94 /* Main.storyboard in Resources */,
			);
			runOnlyForDeploymentPostprocessing = 0;
		};
		0F3F5935239F38C500C63F94 /* Resources */ = {
			isa = PBXResourcesBuildPhase;
			buildActionMask = 2147483647;
			files = (
			);
			runOnlyForDeploymentPostprocessing = 0;
		};
/* End PBXResourcesBuildPhase section */

/* Begin PBXSourcesBuildPhase section */
		0F3F591D239F38C100C63F94 /* Sources */ = {
			isa = PBXSourcesBuildPhase;
			buildActionMask = 2147483647;
			files = (
				0F3F5929239F38C100C63F94 /* ViewController.swift in Sources */,
				0F5879F223A03E7600553FBE /* UIImageView+Extensions.swift in Sources */,
				0F5879EE23A03AC700553FBE /* ComicAPIClint.swift in Sources */,
				0F3F5925239F38C100C63F94 /* AppDelegate.swift in Sources */,
				0F3F5927239F38C100C63F94 /* SceneDelegate.swift in Sources */,
				0F5879F023A03C9B00553FBE /* NetworkHelper.swift in Sources */,
				0F5879EC23A038F900553FBE /* ComicModel.swift in Sources */,
			);
			runOnlyForDeploymentPostprocessing = 0;
		};
		0F3F5933239F38C500C63F94 /* Sources */ = {
			isa = PBXSourcesBuildPhase;
			buildActionMask = 2147483647;
			files = (
				0F3F593C239F38C500C63F94 /* Images_LabTests.swift in Sources */,
			);
			runOnlyForDeploymentPostprocessing = 0;
		};
/* End PBXSourcesBuildPhase section */

/* Begin PBXTargetDependency section */
		0F3F5939239F38C500C63F94 /* PBXTargetDependency */ = {
			isa = PBXTargetDependency;
			target = 0F3F5920239F38C100C63F94 /* Images-Lab */;
			targetProxy = 0F3F5938239F38C500C63F94 /* PBXContainerItemProxy */;
		};
/* End PBXTargetDependency section */

/* Begin PBXVariantGroup section */
		0F3F592A239F38C100C63F94 /* Main.storyboard */ = {
			isa = PBXVariantGroup;
			children = (
				0F3F592B239F38C100C63F94 /* Base */,
			);
			name = Main.storyboard;
			sourceTree = "<group>";
		};
		0F3F592F239F38C500C63F94 /* LaunchScreen.storyboard */ = {
			isa = PBXVariantGroup;
			children = (
				0F3F5930239F38C500C63F94 /* Base */,
			);
			name = LaunchScreen.storyboard;
			sourceTree = "<group>";
		};
/* End PBXVariantGroup section */

/* Begin XCBuildConfiguration section */
		0F3F593E239F38C500C63F94 /* Debug */ = {
			isa = XCBuildConfiguration;
			buildSettings = {
				ALWAYS_SEARCH_USER_PATHS = NO;
				CLANG_ANALYZER_NONNULL = YES;
				CLANG_ANALYZER_NUMBER_OBJECT_CONVERSION = YES_AGGRESSIVE;
				CLANG_CXX_LANGUAGE_STANDARD = "gnu++14";
				CLANG_CXX_LIBRARY = "libc++";
				CLANG_ENABLE_MODULES = YES;
				CLANG_ENABLE_OBJC_ARC = YES;
				CLANG_ENABLE_OBJC_WEAK = YES;
				CLANG_WARN_BLOCK_CAPTURE_AUTORELEASING = YES;
				CLANG_WARN_BOOL_CONVERSION = YES;
				CLANG_WARN_COMMA = YES;
				CLANG_WARN_CONSTANT_CONVERSION = YES;
				CLANG_WARN_DEPRECATED_OBJC_IMPLEMENTATIONS = YES;
				CLANG_WARN_DIRECT_OBJC_ISA_USAGE = YES_ERROR;
				CLANG_WARN_DOCUMENTATION_COMMENTS = YES;
				CLANG_WARN_EMPTY_BODY = YES;
				CLANG_WARN_ENUM_CONVERSION = YES;
				CLANG_WARN_INFINITE_RECURSION = YES;
				CLANG_WARN_INT_CONVERSION = YES;
				CLANG_WARN_NON_LITERAL_NULL_CONVERSION = YES;
				CLANG_WARN_OBJC_IMPLICIT_RETAIN_SELF = YES;
				CLANG_WARN_OBJC_LITERAL_CONVERSION = YES;
				CLANG_WARN_OBJC_ROOT_CLASS = YES_ERROR;
				CLANG_WARN_RANGE_LOOP_ANALYSIS = YES;
				CLANG_WARN_STRICT_PROTOTYPES = YES;
				CLANG_WARN_SUSPICIOUS_MOVE = YES;
				CLANG_WARN_UNGUARDED_AVAILABILITY = YES_AGGRESSIVE;
				CLANG_WARN_UNREACHABLE_CODE = YES;
				CLANG_WARN__DUPLICATE_METHOD_MATCH = YES;
				COPY_PHASE_STRIP = NO;
				DEBUG_INFORMATION_FORMAT = dwarf;
				ENABLE_STRICT_OBJC_MSGSEND = YES;
				ENABLE_TESTABILITY = YES;
				GCC_C_LANGUAGE_STANDARD = gnu11;
				GCC_DYNAMIC_NO_PIC = NO;
				GCC_NO_COMMON_BLOCKS = YES;
				GCC_OPTIMIZATION_LEVEL = 0;
				GCC_PREPROCESSOR_DEFINITIONS = (
					"DEBUG=1",
					"$(inherited)",
				);
				GCC_WARN_64_TO_32_BIT_CONVERSION = YES;
				GCC_WARN_ABOUT_RETURN_TYPE = YES_ERROR;
				GCC_WARN_UNDECLARED_SELECTOR = YES;
				GCC_WARN_UNINITIALIZED_AUTOS = YES_AGGRESSIVE;
				GCC_WARN_UNUSED_FUNCTION = YES;
				GCC_WARN_UNUSED_VARIABLE = YES;
				IPHONEOS_DEPLOYMENT_TARGET = 13.2;
				MTL_ENABLE_DEBUG_INFO = INCLUDE_SOURCE;
				MTL_FAST_MATH = YES;
				ONLY_ACTIVE_ARCH = YES;
				SDKROOT = iphoneos;
				SWIFT_ACTIVE_COMPILATION_CONDITIONS = DEBUG;
				SWIFT_OPTIMIZATION_LEVEL = "-Onone";
			};
			name = Debug;
		};
		0F3F593F239F38C500C63F94 /* Release */ = {
			isa = XCBuildConfiguration;
			buildSettings = {
				ALWAYS_SEARCH_USER_PATHS = NO;
				CLANG_ANALYZER_NONNULL = YES;
				CLANG_ANALYZER_NUMBER_OBJECT_CONVERSION = YES_AGGRESSIVE;
				CLANG_CXX_LANGUAGE_STANDARD = "gnu++14";
				CLANG_CXX_LIBRARY = "libc++";
				CLANG_ENABLE_MODULES = YES;
				CLANG_ENABLE_OBJC_ARC = YES;
				CLANG_ENABLE_OBJC_WEAK = YES;
				CLANG_WARN_BLOCK_CAPTURE_AUTORELEASING = YES;
				CLANG_WARN_BOOL_CONVERSION = YES;
				CLANG_WARN_COMMA = YES;
				CLANG_WARN_CONSTANT_CONVERSION = YES;
				CLANG_WARN_DEPRECATED_OBJC_IMPLEMENTATIONS = YES;
				CLANG_WARN_DIRECT_OBJC_ISA_USAGE = YES_ERROR;
				CLANG_WARN_DOCUMENTATION_COMMENTS = YES;
				CLANG_WARN_EMPTY_BODY = YES;
				CLANG_WARN_ENUM_CONVERSION = YES;
				CLANG_WARN_INFINITE_RECURSION = YES;
				CLANG_WARN_INT_CONVERSION = YES;
				CLANG_WARN_NON_LITERAL_NULL_CONVERSION = YES;
				CLANG_WARN_OBJC_IMPLICIT_RETAIN_SELF = YES;
				CLANG_WARN_OBJC_LITERAL_CONVERSION = YES;
				CLANG_WARN_OBJC_ROOT_CLASS = YES_ERROR;
				CLANG_WARN_RANGE_LOOP_ANALYSIS = YES;
				CLANG_WARN_STRICT_PROTOTYPES = YES;
				CLANG_WARN_SUSPICIOUS_MOVE = YES;
				CLANG_WARN_UNGUARDED_AVAILABILITY = YES_AGGRESSIVE;
				CLANG_WARN_UNREACHABLE_CODE = YES;
				CLANG_WARN__DUPLICATE_METHOD_MATCH = YES;
				COPY_PHASE_STRIP = NO;
				DEBUG_INFORMATION_FORMAT = "dwarf-with-dsym";
				ENABLE_NS_ASSERTIONS = NO;
				ENABLE_STRICT_OBJC_MSGSEND = YES;
				GCC_C_LANGUAGE_STANDARD = gnu11;
				GCC_NO_COMMON_BLOCKS = YES;
				GCC_WARN_64_TO_32_BIT_CONVERSION = YES;
				GCC_WARN_ABOUT_RETURN_TYPE = YES_ERROR;
				GCC_WARN_UNDECLARED_SELECTOR = YES;
				GCC_WARN_UNINITIALIZED_AUTOS = YES_AGGRESSIVE;
				GCC_WARN_UNUSED_FUNCTION = YES;
				GCC_WARN_UNUSED_VARIABLE = YES;
				IPHONEOS_DEPLOYMENT_TARGET = 13.2;
				MTL_ENABLE_DEBUG_INFO = NO;
				MTL_FAST_MATH = YES;
				SDKROOT = iphoneos;
				SWIFT_COMPILATION_MODE = wholemodule;
				SWIFT_OPTIMIZATION_LEVEL = "-O";
				VALIDATE_PRODUCT = YES;
			};
			name = Release;
		};
		0F3F5941239F38C500C63F94 /* Debug */ = {
			isa = XCBuildConfiguration;
			buildSettings = {
				ASSETCATALOG_COMPILER_APPICON_NAME = AppIcon;
				CODE_SIGN_STYLE = Automatic;
				DEVELOPMENT_TEAM = KLSSQ3HH68;
				INFOPLIST_FILE = "Images-Lab/Info.plist";
				LD_RUNPATH_SEARCH_PATHS = (
					"$(inherited)",
					"@executable_path/Frameworks",
				);
				PRODUCT_BUNDLE_IDENTIFIER = "Com.Yuliia.Images-Lab";
				PRODUCT_NAME = "$(TARGET_NAME)";
				SWIFT_VERSION = 5.0;
				TARGETED_DEVICE_FAMILY = "1,2";
			};
			name = Debug;
		};
		0F3F5942239F38C500C63F94 /* Release */ = {
			isa = XCBuildConfiguration;
			buildSettings = {
				ASSETCATALOG_COMPILER_APPICON_NAME = AppIcon;
				CODE_SIGN_STYLE = Automatic;
				DEVELOPMENT_TEAM = KLSSQ3HH68;
				INFOPLIST_FILE = "Images-Lab/Info.plist";
				LD_RUNPATH_SEARCH_PATHS = (
					"$(inherited)",
					"@executable_path/Frameworks",
				);
				PRODUCT_BUNDLE_IDENTIFIER = "Com.Yuliia.Images-Lab";
				PRODUCT_NAME = "$(TARGET_NAME)";
				SWIFT_VERSION = 5.0;
				TARGETED_DEVICE_FAMILY = "1,2";
			};
			name = Release;
		};
		0F3F5944239F38C500C63F94 /* Debug */ = {
			isa = XCBuildConfiguration;
			buildSettings = {
				ALWAYS_EMBED_SWIFT_STANDARD_LIBRARIES = YES;
				BUNDLE_LOADER = "$(TEST_HOST)";
				CODE_SIGN_STYLE = Automatic;
				DEVELOPMENT_TEAM = KLSSQ3HH68;
				INFOPLIST_FILE = "Images-LabTests/Info.plist";
				IPHONEOS_DEPLOYMENT_TARGET = 13.2;
				LD_RUNPATH_SEARCH_PATHS = (
					"$(inherited)",
					"@executable_path/Frameworks",
					"@loader_path/Frameworks",
				);
				PRODUCT_BUNDLE_IDENTIFIER = "Com.Yuliia.Images-LabTests";
				PRODUCT_NAME = "$(TARGET_NAME)";
				SWIFT_VERSION = 5.0;
				TARGETED_DEVICE_FAMILY = "1,2";
				TEST_HOST = "$(BUILT_PRODUCTS_DIR)/Images-Lab.app/Images-Lab";
			};
			name = Debug;
		};
		0F3F5945239F38C500C63F94 /* Release */ = {
			isa = XCBuildConfiguration;
			buildSettings = {
				ALWAYS_EMBED_SWIFT_STANDARD_LIBRARIES = YES;
				BUNDLE_LOADER = "$(TEST_HOST)";
				CODE_SIGN_STYLE = Automatic;
				DEVELOPMENT_TEAM = KLSSQ3HH68;
				INFOPLIST_FILE = "Images-LabTests/Info.plist";
				IPHONEOS_DEPLOYMENT_TARGET = 13.2;
				LD_RUNPATH_SEARCH_PATHS = (
					"$(inherited)",
					"@executable_path/Frameworks",
					"@loader_path/Frameworks",
				);
				PRODUCT_BUNDLE_IDENTIFIER = "Com.Yuliia.Images-LabTests";
				PRODUCT_NAME = "$(TARGET_NAME)";
				SWIFT_VERSION = 5.0;
				TARGETED_DEVICE_FAMILY = "1,2";
				TEST_HOST = "$(BUILT_PRODUCTS_DIR)/Images-Lab.app/Images-Lab";
			};
			name = Release;
		};
/* End XCBuildConfiguration section */

/* Begin XCConfigurationList section */
		0F3F591C239F38C100C63F94 /* Build configuration list for PBXProject "Images-Lab" */ = {
			isa = XCConfigurationList;
			buildConfigurations = (
				0F3F593E239F38C500C63F94 /* Debug */,
				0F3F593F239F38C500C63F94 /* Release */,
			);
			defaultConfigurationIsVisible = 0;
			defaultConfigurationName = Release;
		};
		0F3F5940239F38C500C63F94 /* Build configuration list for PBXNativeTarget "Images-Lab" */ = {
			isa = XCConfigurationList;
			buildConfigurations = (
				0F3F5941239F38C500C63F94 /* Debug */,
				0F3F5942239F38C500C63F94 /* Release */,
			);
			defaultConfigurationIsVisible = 0;
			defaultConfigurationName = Release;
		};
		0F3F5943239F38C500C63F94 /* Build configuration list for PBXNativeTarget "Images-LabTests" */ = {
			isa = XCConfigurationList;
			buildConfigurations = (
				0F3F5944239F38C500C63F94 /* Debug */,
				0F3F5945239F38C500C63F94 /* Release */,
			);
			defaultConfigurationIsVisible = 0;
			defaultConfigurationName = Release;
		};
/* End XCConfigurationList section */
	};
	rootObject = 0F3F5919239F38C100C63F94 /* Project object */;
}
